
Microsoft Visual Studio Solution File, Format Version 12.00
# Visual Studio Version 16
VisualStudioVersion = 16.0.30413.136
MinimumVisualStudioVersion = 10.0.40219.1
Project("{FAE04EC0-301F-11D3-BF4B-00C04F79EFBC}") = "FIAP.IFOOD.PEDIDO.MICROSERVICO", "FIAP.IFOOD.PEDIDO.MICROSERVICO\FIAP.IFOOD.PEDIDO.MICROSERVICO.csproj", "{B2983B10-902A-42F5-B030-CAC4BE0F7547}"
EndProject
Project("{2150E333-8FDC-42A3-9474-1A3956D46DE8}") = "API", "API", "{DC857282-DC4A-41A2-8CFD-FD5EE02214DE}"
EndProject
Project("{2150E333-8FDC-42A3-9474-1A3956D46DE8}") = "Domain", "Domain", "{D0EE0961-F4F5-4959-B299-97CF67704878}"
EndProject
Project("{2150E333-8FDC-42A3-9474-1A3956D46DE8}") = "Repository", "Repository", "{AC42392F-1268-4991-AA85-FD2A6690197F}"
EndProject
Project("{FAE04EC0-301F-11D3-BF4B-00C04F79EFBC}") = "FIAP.IFOOD.PEDIDOS.DOMAIN", "FIAP.IFOOD.PEDIDOS.DOMAIN\FIAP.IFOOD.PEDIDOS.DOMAIN.csproj", "{AB6C8066-3F92-4146-84B5-90F2C72F4B6F}"
EndProject
Project("{2150E333-8FDC-42A3-9474-1A3956D46DE8}") = "Services", "Services", "{FB9360B3-BE06-4CF2-A3C2-2A46C135C841}"
EndProject
Project("{FAE04EC0-301F-11D3-BF4B-00C04F79EFBC}") = "FIAP.IFOOD.PEDIDO.SERVICE", "FIAP.IFOOD.PEDIDO.SERVICE\FIAP.IFOOD.PEDIDO.SERVICE.csproj", "{500A9D5B-DAB3-4687-8273-F14F67B6C61E}"
EndProject
Project("{FAE04EC0-301F-11D3-BF4B-00C04F79EFBC}") = "FIAP.IFOOD.PEDIDOS.REPOSITORY", "FIAP.IFOOD.PEDIDOS.REPOSITORY\FIAP.IFOOD.PEDIDOS.REPOSITORY.csproj", "{5EE7CCAA-15F4-4F2C-8B87-C2CEDF313D5E}"
EndProject
Global
	GlobalSection(SolutionConfigurationPlatforms) = preSolution
		Debug|Any CPU = Debug|Any CPU
		Release|Any CPU = Release|Any CPU
	EndGlobalSection
	GlobalSection(ProjectConfigurationPlatforms) = postSolution
		{B2983B10-902A-42F5-B030-CAC4BE0F7547}.Debug|Any CPU.ActiveCfg = Debug|Any CPU
		{B2983B10-902A-42F5-B030-CAC4BE0F7547}.Debug|Any CPU.Build.0 = Debug|Any CPU
		{B2983B10-902A-42F5-B030-CAC4BE0F7547}.Release|Any CPU.ActiveCfg = Release|Any CPU
		{B2983B10-902A-42F5-B030-CAC4BE0F7547}.Release|Any CPU.Build.0 = Release|Any CPU
		{AB6C8066-3F92-4146-84B5-90F2C72F4B6F}.Debug|Any CPU.ActiveCfg = Debug|Any CPU
		{AB6C8066-3F92-4146-84B5-90F2C72F4B6F}.Debug|Any CPU.Build.0 = Debug|Any CPU
		{AB6C8066-3F92-4146-84B5-90F2C72F4B6F}.Release|Any CPU.ActiveCfg = Release|Any CPU
		{AB6C8066-3F92-4146-84B5-90F2C72F4B6F}.Release|Any CPU.Build.0 = Release|Any CPU
		{500A9D5B-DAB3-4687-8273-F14F67B6C61E}.Debug|Any CPU.ActiveCfg = Debug|Any CPU
		{500A9D5B-DAB3-4687-8273-F14F67B6C61E}.Debug|Any CPU.Build.0 = Debug|Any CPU
		{500A9D5B-DAB3-4687-8273-F14F67B6C61E}.Release|Any CPU.ActiveCfg = Release|Any CPU
		{500A9D5B-DAB3-4687-8273-F14F67B6C61E}.Release|Any CPU.Build.0 = Release|Any CPU
		{5EE7CCAA-15F4-4F2C-8B87-C2CEDF313D5E}.Debug|Any CPU.ActiveCfg = Debug|Any CPU
		{5EE7CCAA-15F4-4F2C-8B87-C2CEDF313D5E}.Debug|Any CPU.Build.0 = Debug|Any CPU
		{5EE7CCAA-15F4-4F2C-8B87-C2CEDF313D5E}.Release|Any CPU.ActiveCfg = Release|Any CPU
		{5EE7CCAA-15F4-4F2C-8B87-C2CEDF313D5E}.Release|Any CPU.Build.0 = Release|Any CPU
	EndGlobalSection
	GlobalSection(SolutionProperties) = preSolution
		HideSolutionNode = FALSE
	EndGlobalSection
	GlobalSection(NestedProjects) = preSolution
		{B2983B10-902A-42F5-B030-CAC4BE0F7547} = {DC857282-DC4A-41A2-8CFD-FD5EE02214DE}
		{AB6C8066-3F92-4146-84B5-90F2C72F4B6F} = {D0EE0961-F4F5-4959-B299-97CF67704878}
		{500A9D5B-DAB3-4687-8273-F14F67B6C61E} = {FB9360B3-BE06-4CF2-A3C2-2A46C135C841}
		{5EE7CCAA-15F4-4F2C-8B87-C2CEDF313D5E} = {AC42392F-1268-4991-AA85-FD2A6690197F}
	EndGlobalSection
	GlobalSection(ExtensibilityGlobals) = postSolution
		SolutionGuid = {302D54F4-B1B0-4449-9DFA-155FA0709F14}
	EndGlobalSection
EndGlobal
